
Microsoft Visual Studio Solution File, Format Version 12.00
# Visual Studio Version 16
VisualStudioVersion = 16.0.28803.352
MinimumVisualStudioVersion = 10.0.40219.1
Project("{FAE04EC0-301F-11D3-BF4B-00C04F79EFBC}") = "PhotoGalleryWPF", "PhotoGalleryWPF\PhotoGalleryWPF.csproj", "{CC669EBF-C659-456E-949A-5D4E857A8CE0}"
EndProject
Global
	GlobalSection(SolutionConfigurationPlatforms) = preSolution
		Debug|Any CPU = Debug|Any CPU
		Release|Any CPU = Release|Any CPU
	EndGlobalSection
	GlobalSection(ProjectConfigurationPlatforms) = postSolution
		{CC669EBF-C659-456E-949A-5D4E857A8CE0}.Debug|Any CPU.ActiveCfg = Debug|Any CPU
		{CC669EBF-C659-456E-949A-5D4E857A8CE0}.Debug|Any CPU.Build.0 = Debug|Any CPU
		{CC669EBF-C659-456E-949A-5D4E857A8CE0}.Release|Any CPU.ActiveCfg = Release|Any CPU
		{CC669EBF-C659-456E-949A-5D4E857A8CE0}.Release|Any CPU.Build.0 = Release|Any CPU
	EndGlobalSection
	GlobalSection(SolutionProperties) = preSolution
		HideSolutionNode = FALSE
	EndGlobalSection
	GlobalSection(ExtensibilityGlobals) = postSolution
		SolutionGuid = {7BDAC94E-D269-43B8-B7F6-60E57DF91FEA}
	EndGlobalSection
EndGlobal
